// !$*UTF8*$!
{
	archiveVersion = 1;
	classes = {
	};
	objectVersion = 50;
	objects = {

/* Begin PBXBuildFile section */
		0433060F23EAE63200827E65 /* Stories.swift in Sources */ = {isa = PBXBuildFile; fileRef = 0433060E23EAE63200827E65 /* Stories.swift */; };
		0433061223EAED5200827E65 /* StoryListViewModel.swift in Sources */ = {isa = PBXBuildFile; fileRef = 0433061123EAED5200827E65 /* StoryListViewModel.swift */; };
		0433061523EAF0BA00827E65 /* StoryListView.swift in Sources */ = {isa = PBXBuildFile; fileRef = 0433061423EAF0BA00827E65 /* StoryListView.swift */; };
		0433061723EAF92A00827E65 /* Story.swift in Sources */ = {isa = PBXBuildFile; fileRef = 0433061623EAF92A00827E65 /* Story.swift */; };
		04B3128823E8C3DB001D63CE /* AppDelegate.swift in Sources */ = {isa = PBXBuildFile; fileRef = 04B3128723E8C3DB001D63CE /* AppDelegate.swift */; };
		04B3128A23E8C3DB001D63CE /* SceneDelegate.swift in Sources */ = {isa = PBXBuildFile; fileRef = 04B3128923E8C3DB001D63CE /* SceneDelegate.swift */; };
		04B3128C23E8C3DB001D63CE /* ContentView.swift in Sources */ = {isa = PBXBuildFile; fileRef = 04B3128B23E8C3DB001D63CE /* ContentView.swift */; };
		04B3128E23E8C3DD001D63CE /* Assets.xcassets in Resources */ = {isa = PBXBuildFile; fileRef = 04B3128D23E8C3DD001D63CE /* Assets.xcassets */; };
		04B3129123E8C3DD001D63CE /* Preview Assets.xcassets in Resources */ = {isa = PBXBuildFile; fileRef = 04B3129023E8C3DD001D63CE /* Preview Assets.xcassets */; };
		04B3129423E8C3DD001D63CE /* LaunchScreen.storyboard in Resources */ = {isa = PBXBuildFile; fileRef = 04B3129223E8C3DD001D63CE /* LaunchScreen.storyboard */; };
		04B3129E23E8C428001D63CE /* NetManager.swift in Sources */ = {isa = PBXBuildFile; fileRef = 04B3129D23E8C428001D63CE /* NetManager.swift */; };
		04B312A123E8C5AC001D63CE /* Constants.swift in Sources */ = {isa = PBXBuildFile; fileRef = 04B312A023E8C5AC001D63CE /* Constants.swift */; };
/* End PBXBuildFile section */

/* Begin PBXFileReference section */
		0433060E23EAE63200827E65 /* Stories.swift */ = {isa = PBXFileReference; lastKnownFileType = sourcecode.swift; path = Stories.swift; sourceTree = "<group>"; };
		0433061123EAED5200827E65 /* StoryListViewModel.swift */ = {isa = PBXFileReference; lastKnownFileType = sourcecode.swift; path = StoryListViewModel.swift; sourceTree = "<group>"; };
		0433061423EAF0BA00827E65 /* StoryListView.swift */ = {isa = PBXFileReference; lastKnownFileType = sourcecode.swift; path = StoryListView.swift; sourceTree = "<group>"; };
		0433061623EAF92A00827E65 /* Story.swift */ = {isa = PBXFileReference; lastKnownFileType = sourcecode.swift; path = Story.swift; sourceTree = "<group>"; };
		04B3128423E8C3DB001D63CE /* HackerNewsCombineSwiftUI.app */ = {isa = PBXFileReference; explicitFileType = wrapper.application; includeInIndex = 0; path = HackerNewsCombineSwiftUI.app; sourceTree = BUILT_PRODUCTS_DIR; };
		04B3128723E8C3DB001D63CE /* AppDelegate.swift */ = {isa = PBXFileReference; lastKnownFileType = sourcecode.swift; path = AppDelegate.swift; sourceTree = "<group>"; };
		04B3128923E8C3DB001D63CE /* SceneDelegate.swift */ = {isa = PBXFileReference; lastKnownFileType = sourcecode.swift; path = SceneDelegate.swift; sourceTree = "<group>"; };
		04B3128B23E8C3DB001D63CE /* ContentView.swift */ = {isa = PBXFileReference; lastKnownFileType = sourcecode.swift; path = ContentView.swift; sourceTree = "<group>"; };
		04B3128D23E8C3DD001D63CE /* Assets.xcassets */ = {isa = PBXFileReference; lastKnownFileType = folder.assetcatalog; path = Assets.xcassets; sourceTree = "<group>"; };
		04B3129023E8C3DD001D63CE /* Preview Assets.xcassets */ = {isa = PBXFileReference; lastKnownFileType = folder.assetcatalog; path = "Preview Assets.xcassets"; sourceTree = "<group>"; };
		04B3129323E8C3DD001D63CE /* Base */ = {isa = PBXFileReference; lastKnownFileType = file.storyboard; name = Base; path = Base.lproj/LaunchScreen.storyboard; sourceTree = "<group>"; };
		04B3129523E8C3DD001D63CE /* Info.plist */ = {isa = PBXFileReference; lastKnownFileType = text.plist.xml; path = Info.plist; sourceTree = "<group>"; };
		04B3129D23E8C428001D63CE /* NetManager.swift */ = {isa = PBXFileReference; lastKnownFileType = sourcecode.swift; path = NetManager.swift; sourceTree = "<group>"; };
		04B312A023E8C5AC001D63CE /* Constants.swift */ = {isa = PBXFileReference; lastKnownFileType = sourcecode.swift; path = Constants.swift; sourceTree = "<group>"; };
/* End PBXFileReference section */

/* Begin PBXFrameworksBuildPhase section */
		04B3128123E8C3DB001D63CE /* Frameworks */ = {
			isa = PBXFrameworksBuildPhase;
			buildActionMask = 2147483647;
			files = (
			);
			runOnlyForDeploymentPostprocessing = 0;
		};
/* End PBXFrameworksBuildPhase section */

/* Begin PBXGroup section */
		0433060D23EAE5CC00827E65 /* Models */ = {
			isa = PBXGroup;
			children = (
				0433060E23EAE63200827E65 /* Stories.swift */,
				0433061623EAF92A00827E65 /* Story.swift */,
			);
			path = Models;
			sourceTree = "<group>";
		};
		0433061023EAED3800827E65 /* ViewModels */ = {
			isa = PBXGroup;
			children = (
				0433061123EAED5200827E65 /* StoryListViewModel.swift */,
			);
			path = ViewModels;
			sourceTree = "<group>";
		};
		0433061323EAF0A500827E65 /* Views */ = {
			isa = PBXGroup;
			children = (
				0433061423EAF0BA00827E65 /* StoryListView.swift */,
			);
			path = Views;
			sourceTree = "<group>";
		};
		04B3127B23E8C3DB001D63CE = {
			isa = PBXGroup;
			children = (
				04B3129B23E8C409001D63CE /* Lib */,
				04B3128623E8C3DB001D63CE /* HackerNewsCombineSwiftUI */,
				04B3128523E8C3DB001D63CE /* Products */,
			);
			sourceTree = "<group>";
		};
		04B3128523E8C3DB001D63CE /* Products */ = {
			isa = PBXGroup;
			children = (
				04B3128423E8C3DB001D63CE /* HackerNewsCombineSwiftUI.app */,
			);
			name = Products;
			sourceTree = "<group>";
		};
		04B3128623E8C3DB001D63CE /* HackerNewsCombineSwiftUI */ = {
			isa = PBXGroup;
			children = (
				0433060D23EAE5CC00827E65 /* Models */,
				0433061323EAF0A500827E65 /* Views */,
				0433061023EAED3800827E65 /* ViewModels */,
				04B3128723E8C3DB001D63CE /* AppDelegate.swift */,
				04B3128923E8C3DB001D63CE /* SceneDelegate.swift */,
				04B3128B23E8C3DB001D63CE /* ContentView.swift */,
				04B3128D23E8C3DD001D63CE /* Assets.xcassets */,
				04B3129223E8C3DD001D63CE /* LaunchScreen.storyboard */,
				04B3129523E8C3DD001D63CE /* Info.plist */,
				04B3128F23E8C3DD001D63CE /* Preview Content */,
			);
			path = HackerNewsCombineSwiftUI;
			sourceTree = "<group>";
		};
		04B3128F23E8C3DD001D63CE /* Preview Content */ = {
			isa = PBXGroup;
			children = (
				04B3129023E8C3DD001D63CE /* Preview Assets.xcassets */,
			);
			path = "Preview Content";
			sourceTree = "<group>";
		};
		04B3129B23E8C409001D63CE /* Lib */ = {
			isa = PBXGroup;
			children = (
				04B3129F23E8C59A001D63CE /* Utils */,
				04B3129C23E8C415001D63CE /* Net */,
			);
			path = Lib;
			sourceTree = "<group>";
		};
		04B3129C23E8C415001D63CE /* Net */ = {
			isa = PBXGroup;
			children = (
				04B3129D23E8C428001D63CE /* NetManager.swift */,
			);
			path = Net;
			sourceTree = "<group>";
		};
		04B3129F23E8C59A001D63CE /* Utils */ = {
			isa = PBXGroup;
			children = (
				04B312A023E8C5AC001D63CE /* Constants.swift */,
			);
			path = Utils;
			sourceTree = "<group>";
		};
/* End PBXGroup section */

/* Begin PBXNativeTarget section */
		04B3128323E8C3DB001D63CE /* HackerNewsCombineSwiftUI */ = {
			isa = PBXNativeTarget;
			buildConfigurationList = 04B3129823E8C3DD001D63CE /* Build configuration list for PBXNativeTarget "HackerNewsCombineSwiftUI" */;
			buildPhases = (
				04B3128023E8C3DB001D63CE /* Sources */,
				04B3128123E8C3DB001D63CE /* Frameworks */,
				04B3128223E8C3DB001D63CE /* Resources */,
			);
			buildRules = (
			);
			dependencies = (
			);
			name = HackerNewsCombineSwiftUI;
			productName = HackerNewsCombineSwiftUI;
			productReference = 04B3128423E8C3DB001D63CE /* HackerNewsCombineSwiftUI.app */;
			productType = "com.apple.product-type.application";
		};
/* End PBXNativeTarget section */

/* Begin PBXProject section */
		04B3127C23E8C3DB001D63CE /* Project object */ = {
			isa = PBXProject;
			attributes = {
				LastSwiftUpdateCheck = 1130;
				LastUpgradeCheck = 1130;
				ORGANIZATIONNAME = Lammax;
				TargetAttributes = {
					04B3128323E8C3DB001D63CE = {
						CreatedOnToolsVersion = 11.3;
					};
				};
			};
			buildConfigurationList = 04B3127F23E8C3DB001D63CE /* Build configuration list for PBXProject "HackerNewsCombineSwiftUI" */;
			compatibilityVersion = "Xcode 9.3";
			developmentRegion = en;
			hasScannedForEncodings = 0;
			knownRegions = (
				en,
				Base,
			);
			mainGroup = 04B3127B23E8C3DB001D63CE;
			productRefGroup = 04B3128523E8C3DB001D63CE /* Products */;
			projectDirPath = "";
			projectRoot = "";
			targets = (
				04B3128323E8C3DB001D63CE /* HackerNewsCombineSwiftUI */,
			);
		};
/* End PBXProject section */

/* Begin PBXResourcesBuildPhase section */
		04B3128223E8C3DB001D63CE /* Resources */ = {
			isa = PBXResourcesBuildPhase;
			buildActionMask = 2147483647;
			files = (
				04B3129423E8C3DD001D63CE /* LaunchScreen.storyboard in Resources */,
				04B3129123E8C3DD001D63CE /* Preview Assets.xcassets in Resources */,
				04B3128E23E8C3DD001D63CE /* Assets.xcassets in Resources */,
			);
			runOnlyForDeploymentPostprocessing = 0;
		};
/* End PBXResourcesBuildPhase section */

/* Begin PBXSourcesBuildPhase section */
		04B3128023E8C3DB001D63CE /* Sources */ = {
			isa = PBXSourcesBuildPhase;
			buildActionMask = 2147483647;
			files = (
				04B312A123E8C5AC001D63CE /* Constants.swift in Sources */,
				04B3128823E8C3DB001D63CE /* AppDelegate.swift in Sources */,
				04B3129E23E8C428001D63CE /* NetManager.swift in Sources */,
				0433060F23EAE63200827E65 /* Stories.swift in Sources */,
				04B3128A23E8C3DB001D63CE /* SceneDelegate.swift in Sources */,
				0433061223EAED5200827E65 /* StoryListViewModel.swift in Sources */,
				0433061523EAF0BA00827E65 /* StoryListView.swift in Sources */,
				04B3128C23E8C3DB001D63CE /* ContentView.swift in Sources */,
				0433061723EAF92A00827E65 /* Story.swift in Sources */,
			);
			runOnlyForDeploymentPostprocessing = 0;
		};
/* End PBXSourcesBuildPhase section */

/* Begin PBXVariantGroup section */
		04B3129223E8C3DD001D63CE /* LaunchScreen.storyboard */ = {
			isa = PBXVariantGroup;
			children = (
				04B3129323E8C3DD001D63CE /* Base */,
			);
			name = LaunchScreen.storyboard;
			sourceTree = "<group>";
		};
/* End PBXVariantGroup section */

/* Begin XCBuildConfiguration section */
		04B3129623E8C3DD001D63CE /* Debug */ = {
			isa = XCBuildConfiguration;
			buildSettings = {
				ALWAYS_SEARCH_USER_PATHS = NO;
				CLANG_ANALYZER_NONNULL = YES;
				CLANG_ANALYZER_NUMBER_OBJECT_CONVERSION = YES_AGGRESSIVE;
				CLANG_CXX_LANGUAGE_STANDARD = "gnu++14";
				CLANG_CXX_LIBRARY = "libc++";
				CLANG_ENABLE_MODULES = YES;
				CLANG_ENABLE_OBJC_ARC = YES;
				CLANG_ENABLE_OBJC_WEAK = YES;
				CLANG_WARN_BLOCK_CAPTURE_AUTORELEASING = YES;
				CLANG_WARN_BOOL_CONVERSION = YES;
				CLANG_WARN_COMMA = YES;
				CLANG_WARN_CONSTANT_CONVERSION = YES;
				CLANG_WARN_DEPRECATED_OBJC_IMPLEMENTATIONS = YES;
				CLANG_WARN_DIRECT_OBJC_ISA_USAGE = YES_ERROR;
				CLANG_WARN_DOCUMENTATION_COMMENTS = YES;
				CLANG_WARN_EMPTY_BODY = YES;
				CLANG_WARN_ENUM_CONVERSION = YES;
				CLANG_WARN_INFINITE_RECURSION = YES;
				CLANG_WARN_INT_CONVERSION = YES;
				CLANG_WARN_NON_LITERAL_NULL_CONVERSION = YES;
				CLANG_WARN_OBJC_IMPLICIT_RETAIN_SELF = YES;
				CLANG_WARN_OBJC_LITERAL_CONVERSION = YES;
				CLANG_WARN_OBJC_ROOT_CLASS = YES_ERROR;
				CLANG_WARN_RANGE_LOOP_ANALYSIS = YES;
				CLANG_WARN_STRICT_PROTOTYPES = YES;
				CLANG_WARN_SUSPICIOUS_MOVE = YES;
				CLANG_WARN_UNGUARDED_AVAILABILITY = YES_AGGRESSIVE;
				CLANG_WARN_UNREACHABLE_CODE = YES;
				CLANG_WARN__DUPLICATE_METHOD_MATCH = YES;
				COPY_PHASE_STRIP = NO;
				DEBUG_INFORMATION_FORMAT = dwarf;
				ENABLE_STRICT_OBJC_MSGSEND = YES;
				ENABLE_TESTABILITY = YES;
				GCC_C_LANGUAGE_STANDARD = gnu11;
				GCC_DYNAMIC_NO_PIC = NO;
				GCC_NO_COMMON_BLOCKS = YES;
				GCC_OPTIMIZATION_LEVEL = 0;
				GCC_PREPROCESSOR_DEFINITIONS = (
					"DEBUG=1",
					"$(inherited)",
				);
				GCC_WARN_64_TO_32_BIT_CONVERSION = YES;
				GCC_WARN_ABOUT_RETURN_TYPE = YES_ERROR;
				GCC_WARN_UNDECLARED_SELECTOR = YES;
				GCC_WARN_UNINITIALIZED_AUTOS = YES_AGGRESSIVE;
				GCC_WARN_UNUSED_FUNCTION = YES;
				GCC_WARN_UNUSED_VARIABLE = YES;
				IPHONEOS_DEPLOYMENT_TARGET = 13.2;
				MTL_ENABLE_DEBUG_INFO = INCLUDE_SOURCE;
				MTL_FAST_MATH = YES;
				ONLY_ACTIVE_ARCH = YES;
				SDKROOT = iphoneos;
				SWIFT_ACTIVE_COMPILATION_CONDITIONS = DEBUG;
				SWIFT_OPTIMIZATION_LEVEL = "-Onone";
			};
			name = Debug;
		};
		04B3129723E8C3DD001D63CE /* Release */ = {
			isa = XCBuildConfiguration;
			buildSettings = {
				ALWAYS_SEARCH_USER_PATHS = NO;
				CLANG_ANALYZER_NONNULL = YES;
				CLANG_ANALYZER_NUMBER_OBJECT_CONVERSION = YES_AGGRESSIVE;
				CLANG_CXX_LANGUAGE_STANDARD = "gnu++14";
				CLANG_CXX_LIBRARY = "libc++";
				CLANG_ENABLE_MODULES = YES;
				CLANG_ENABLE_OBJC_ARC = YES;
				CLANG_ENABLE_OBJC_WEAK = YES;
				CLANG_WARN_BLOCK_CAPTURE_AUTORELEASING = YES;
				CLANG_WARN_BOOL_CONVERSION = YES;
				CLANG_WARN_COMMA = YES;
				CLANG_WARN_CONSTANT_CONVERSION = YES;
				CLANG_WARN_DEPRECATED_OBJC_IMPLEMENTATIONS = YES;
				CLANG_WARN_DIRECT_OBJC_ISA_USAGE = YES_ERROR;
				CLANG_WARN_DOCUMENTATION_COMMENTS = YES;
				CLANG_WARN_EMPTY_BODY = YES;
				CLANG_WARN_ENUM_CONVERSION = YES;
				CLANG_WARN_INFINITE_RECURSION = YES;
				CLANG_WARN_INT_CONVERSION = YES;
				CLANG_WARN_NON_LITERAL_NULL_CONVERSION = YES;
				CLANG_WARN_OBJC_IMPLICIT_RETAIN_SELF = YES;
				CLANG_WARN_OBJC_LITERAL_CONVERSION = YES;
				CLANG_WARN_OBJC_ROOT_CLASS = YES_ERROR;
				CLANG_WARN_RANGE_LOOP_ANALYSIS = YES;
				CLANG_WARN_STRICT_PROTOTYPES = YES;
				CLANG_WARN_SUSPICIOUS_MOVE = YES;
				CLANG_WARN_UNGUARDED_AVAILABILITY = YES_AGGRESSIVE;
				CLANG_WARN_UNREACHABLE_CODE = YES;
				CLANG_WARN__DUPLICATE_METHOD_MATCH = YES;
				COPY_PHASE_STRIP = NO;
				DEBUG_INFORMATION_FORMAT = "dwarf-with-dsym";
				ENABLE_NS_ASSERTIONS = NO;
				ENABLE_STRICT_OBJC_MSGSEND = YES;
				GCC_C_LANGUAGE_STANDARD = gnu11;
				GCC_NO_COMMON_BLOCKS = YES;
				GCC_WARN_64_TO_32_BIT_CONVERSION = YES;
				GCC_WARN_ABOUT_RETURN_TYPE = YES_ERROR;
				GCC_WARN_UNDECLARED_SELECTOR = YES;
				GCC_WARN_UNINITIALIZED_AUTOS = YES_AGGRESSIVE;
				GCC_WARN_UNUSED_FUNCTION = YES;
				GCC_WARN_UNUSED_VARIABLE = YES;
				IPHONEOS_DEPLOYMENT_TARGET = 13.2;
				MTL_ENABLE_DEBUG_INFO = NO;
				MTL_FAST_MATH = YES;
				SDKROOT = iphoneos;
				SWIFT_COMPILATION_MODE = wholemodule;
				SWIFT_OPTIMIZATION_LEVEL = "-O";
				VALIDATE_PRODUCT = YES;
			};
			name = Release;
		};
		04B3129923E8C3DD001D63CE /* Debug */ = {
			isa = XCBuildConfiguration;
			buildSettings = {
				ASSETCATALOG_COMPILER_APPICON_NAME = AppIcon;
				CODE_SIGN_STYLE = Automatic;
				DEVELOPMENT_ASSET_PATHS = "\"HackerNewsCombineSwiftUI/Preview Content\"";
				DEVELOPMENT_TEAM = Z8JVJD6M2F;
				ENABLE_PREVIEWS = YES;
				INFOPLIST_FILE = HackerNewsCombineSwiftUI/Info.plist;
				LD_RUNPATH_SEARCH_PATHS = (
					"$(inherited)",
					"@executable_path/Frameworks",
				);
				PRODUCT_BUNDLE_IDENTIFIER = com.lammax.ios.study.HackerNewsCombineSwiftUI;
				PRODUCT_NAME = "$(TARGET_NAME)";
				SWIFT_VERSION = 5.0;
				TARGETED_DEVICE_FAMILY = "1,2";
			};
			name = Debug;
		};
		04B3129A23E8C3DD001D63CE /* Release */ = {
			isa = XCBuildConfiguration;
			buildSettings = {
				ASSETCATALOG_COMPILER_APPICON_NAME = AppIcon;
				CODE_SIGN_STYLE = Automatic;
				DEVELOPMENT_ASSET_PATHS = "\"HackerNewsCombineSwiftUI/Preview Content\"";
				DEVELOPMENT_TEAM = Z8JVJD6M2F;
				ENABLE_PREVIEWS = YES;
				INFOPLIST_FILE = HackerNewsCombineSwiftUI/Info.plist;
				LD_RUNPATH_SEARCH_PATHS = (
					"$(inherited)",
					"@executable_path/Frameworks",
				);
				PRODUCT_BUNDLE_IDENTIFIER = com.lammax.ios.study.HackerNewsCombineSwiftUI;
				PRODUCT_NAME = "$(TARGET_NAME)";
				SWIFT_VERSION = 5.0;
				TARGETED_DEVICE_FAMILY = "1,2";
			};
			name = Release;
		};
/* End XCBuildConfiguration section */

/* Begin XCConfigurationList section */
		04B3127F23E8C3DB001D63CE /* Build configuration list for PBXProject "HackerNewsCombineSwiftUI" */ = {
			isa = XCConfigurationList;
			buildConfigurations = (
				04B3129623E8C3DD001D63CE /* Debug */,
				04B3129723E8C3DD001D63CE /* Release */,
			);
			defaultConfigurationIsVisible = 0;
			defaultConfigurationName = Release;
		};
		04B3129823E8C3DD001D63CE /* Build configuration list for PBXNativeTarget "HackerNewsCombineSwiftUI" */ = {
			isa = XCConfigurationList;
			buildConfigurations = (
				04B3129923E8C3DD001D63CE /* Debug */,
				04B3129A23E8C3DD001D63CE /* Release */,
			);
			defaultConfigurationIsVisible = 0;
			defaultConfigurationName = Release;
		};
/* End XCConfigurationList section */
	};
	rootObject = 04B3127C23E8C3DB001D63CE /* Project object */;
}
